// !$*UTF8*$!
{
	archiveVersion = 1;
	classes = {
	};
	objectVersion = 46;
	objects = {

/* Begin PBXBuildFile section */
		52C0917F1F05E03D0062F5A9 /* main.m in Sources */ = {isa = PBXBuildFile; fileRef = 52C0917E1F05E03D0062F5A9 /* main.m */; };
		52C091821F05E03D0062F5A9 /* AppDelegate.m in Sources */ = {isa = PBXBuildFile; fileRef = 52C091811F05E03D0062F5A9 /* AppDelegate.m */; };
		52C091851F05E03D0062F5A9 /* MasterViewController.m in Sources */ = {isa = PBXBuildFile; fileRef = 52C091841F05E03D0062F5A9 /* MasterViewController.m */; };
		52C091881F05E03D0062F5A9 /* DetailViewController.m in Sources */ = {isa = PBXBuildFile; fileRef = 52C091871F05E03D0062F5A9 /* DetailViewController.m */; };
		52C0918B1F05E03D0062F5A9 /* Main.storyboard in Resources */ = {isa = PBXBuildFile; fileRef = 52C091891F05E03D0062F5A9 /* Main.storyboard */; };
		52C0918D1F05E03D0062F5A9 /* Assets.xcassets in Resources */ = {isa = PBXBuildFile; fileRef = 52C0918C1F05E03D0062F5A9 /* Assets.xcassets */; };
		52C091901F05E03D0062F5A9 /* LaunchScreen.storyboard in Resources */ = {isa = PBXBuildFile; fileRef = 52C0918E1F05E03D0062F5A9 /* LaunchScreen.storyboard */; };
/* End PBXBuildFile section */

/* Begin PBXFileReference section */
		52C0917A1F05E03D0062F5A9 /* Fonzie.app */ = {isa = PBXFileReference; explicitFileType = wrapper.application; includeInIndex = 0; path = Fonzie.app; sourceTree = BUILT_PRODUCTS_DIR; };
		52C0917E1F05E03D0062F5A9 /* main.m */ = {isa = PBXFileReference; lastKnownFileType = sourcecode.c.objc; path = main.m; sourceTree = "<group>"; };
		52C091801F05E03D0062F5A9 /* AppDelegate.h */ = {isa = PBXFileReference; lastKnownFileType = sourcecode.c.h; path = AppDelegate.h; sourceTree = "<group>"; };
		52C091811F05E03D0062F5A9 /* AppDelegate.m */ = {isa = PBXFileReference; lastKnownFileType = sourcecode.c.objc; path = AppDelegate.m; sourceTree = "<group>"; };
		52C091831F05E03D0062F5A9 /* MasterViewController.h */ = {isa = PBXFileReference; lastKnownFileType = sourcecode.c.h; path = MasterViewController.h; sourceTree = "<group>"; };
		52C091841F05E03D0062F5A9 /* MasterViewController.m */ = {isa = PBXFileReference; lastKnownFileType = sourcecode.c.objc; path = MasterViewController.m; sourceTree = "<group>"; };
		52C091861F05E03D0062F5A9 /* DetailViewController.h */ = {isa = PBXFileReference; lastKnownFileType = sourcecode.c.h; path = DetailViewController.h; sourceTree = "<group>"; };
		52C091871F05E03D0062F5A9 /* DetailViewController.m */ = {isa = PBXFileReference; lastKnownFileType = sourcecode.c.objc; path = DetailViewController.m; sourceTree = "<group>"; };
		52C0918A1F05E03D0062F5A9 /* Base */ = {isa = PBXFileReference; lastKnownFileType = file.storyboard; name = Base; path = Base.lproj/Main.storyboard; sourceTree = "<group>"; };
		52C0918C1F05E03D0062F5A9 /* Assets.xcassets */ = {isa = PBXFileReference; lastKnownFileType = folder.assetcatalog; path = Assets.xcassets; sourceTree = "<group>"; };
		52C0918F1F05E03D0062F5A9 /* Base */ = {isa = PBXFileReference; lastKnownFileType = file.storyboard; name = Base; path = Base.lproj/LaunchScreen.storyboard; sourceTree = "<group>"; };
		52C091911F05E03D0062F5A9 /* Info.plist */ = {isa = PBXFileReference; lastKnownFileType = text.plist.xml; path = Info.plist; sourceTree = "<group>"; };
/* End PBXFileReference section */

/* Begin PBXFrameworksBuildPhase section */
		52C091771F05E03D0062F5A9 /* Frameworks */ = {
			isa = PBXFrameworksBuildPhase;
			buildActionMask = 2147483647;
			files = (
			);
			runOnlyForDeploymentPostprocessing = 0;
		};
/* End PBXFrameworksBuildPhase section */

/* Begin PBXGroup section */
		52C091711F05E03D0062F5A9 = {
			isa = PBXGroup;
			children = (
				52C0917C1F05E03D0062F5A9 /* Fonzie */,
				52C0917B1F05E03D0062F5A9 /* Products */,
			);
			sourceTree = "<group>";
		};
		52C0917B1F05E03D0062F5A9 /* Products */ = {
			isa = PBXGroup;
			children = (
				52C0917A1F05E03D0062F5A9 /* Fonzie.app */,
			);
			name = Products;
			sourceTree = "<group>";
		};
		52C0917C1F05E03D0062F5A9 /* Fonzie */ = {
			isa = PBXGroup;
			children = (
				52C091801F05E03D0062F5A9 /* AppDelegate.h */,
				52C091811F05E03D0062F5A9 /* AppDelegate.m */,
				52C091831F05E03D0062F5A9 /* MasterViewController.h */,
				52C091841F05E03D0062F5A9 /* MasterViewController.m */,
				52C091861F05E03D0062F5A9 /* DetailViewController.h */,
				52C091871F05E03D0062F5A9 /* DetailViewController.m */,
				52C091891F05E03D0062F5A9 /* Main.storyboard */,
				52C0918C1F05E03D0062F5A9 /* Assets.xcassets */,
				52C0918E1F05E03D0062F5A9 /* LaunchScreen.storyboard */,
				52C091911F05E03D0062F5A9 /* Info.plist */,
				52C0917D1F05E03D0062F5A9 /* Supporting Files */,
			);
			path = Fonzie;
			sourceTree = "<group>";
		};
		52C0917D1F05E03D0062F5A9 /* Supporting Files */ = {
			isa = PBXGroup;
			children = (
				52C0917E1F05E03D0062F5A9 /* main.m */,
			);
			name = "Supporting Files";
			sourceTree = "<group>";
		};
/* End PBXGroup section */

/* Begin PBXNativeTarget section */
		52C091791F05E03D0062F5A9 /* Fonzie */ = {
			isa = PBXNativeTarget;
			buildConfigurationList = 52C091941F05E03D0062F5A9 /* Build configuration list for PBXNativeTarget "Fonzie" */;
			buildPhases = (
				52C091761F05E03D0062F5A9 /* Sources */,
				52C091771F05E03D0062F5A9 /* Frameworks */,
				52C091781F05E03D0062F5A9 /* Resources */,
			);
			buildRules = (
			);
			dependencies = (
			);
			name = Fonzie;
			productName = Fonzie;
			productReference = 52C0917A1F05E03D0062F5A9 /* Fonzie.app */;
			productType = "com.apple.product-type.application";
		};
/* End PBXNativeTarget section */

/* Begin PBXProject section */
		52C091721F05E03D0062F5A9 /* Project object */ = {
			isa = PBXProject;
			attributes = {
				LastUpgradeCheck = 0830;
				ORGANIZATIONNAME = "Exelon Corporation";
				TargetAttributes = {
					52C091791F05E03D0062F5A9 = {
						CreatedOnToolsVersion = 8.3.3;
						ProvisioningStyle = Automatic;
					};
				};
			};
			buildConfigurationList = 52C091751F05E03D0062F5A9 /* Build configuration list for PBXProject "Fonzie" */;
			compatibilityVersion = "Xcode 3.2";
			developmentRegion = English;
			hasScannedForEncodings = 0;
			knownRegions = (
				en,
				Base,
			);
			mainGroup = 52C091711F05E03D0062F5A9;
			productRefGroup = 52C0917B1F05E03D0062F5A9 /* Products */;
			projectDirPath = "";
			projectRoot = "";
			targets = (
				52C091791F05E03D0062F5A9 /* Fonzie */,
			);
		};
/* End PBXProject section */

/* Begin PBXResourcesBuildPhase section */
		52C091781F05E03D0062F5A9 /* Resources */ = {
			isa = PBXResourcesBuildPhase;
			buildActionMask = 2147483647;
			files = (
				52C091901F05E03D0062F5A9 /* LaunchScreen.storyboard in Resources */,
				52C0918D1F05E03D0062F5A9 /* Assets.xcassets in Resources */,
				52C0918B1F05E03D0062F5A9 /* Main.storyboard in Resources */,
			);
			runOnlyForDeploymentPostprocessing = 0;
		};
/* End PBXResourcesBuildPhase section */

/* Begin PBXSourcesBuildPhase section */
		52C091761F05E03D0062F5A9 /* Sources */ = {
			isa = PBXSourcesBuildPhase;
			buildActionMask = 2147483647;
			files = (
				52C091821F05E03D0062F5A9 /* AppDelegate.m in Sources */,
				52C091851F05E03D0062F5A9 /* MasterViewController.m in Sources */,
				52C0917F1F05E03D0062F5A9 /* main.m in Sources */,
				52C091881F05E03D0062F5A9 /* DetailViewController.m in Sources */,
			);
			runOnlyForDeploymentPostprocessing = 0;
		};
/* End PBXSourcesBuildPhase section */

/* Begin PBXVariantGroup section */
		52C091891F05E03D0062F5A9 /* Main.storyboard */ = {
			isa = PBXVariantGroup;
			children = (
				52C0918A1F05E03D0062F5A9 /* Base */,
			);
			name = Main.storyboard;
			sourceTree = "<group>";
		};
		52C0918E1F05E03D0062F5A9 /* LaunchScreen.storyboard */ = {
			isa = PBXVariantGroup;
			children = (
				52C0918F1F05E03D0062F5A9 /* Base */,
			);
			name = LaunchScreen.storyboard;
			sourceTree = "<group>";
		};
/* End PBXVariantGroup section */

/* Begin XCBuildConfiguration section */
		52C091921F05E03D0062F5A9 /* Debug */ = {
			isa = XCBuildConfiguration;
			buildSettings = {
				ALWAYS_SEARCH_USER_PATHS = NO;
				CLANG_ANALYZER_NONNULL = YES;
				CLANG_ANALYZER_NUMBER_OBJECT_CONVERSION = YES_AGGRESSIVE;
				CLANG_CXX_LANGUAGE_STANDARD = "gnu++0x";
				CLANG_CXX_LIBRARY = "libc++";
				CLANG_ENABLE_MODULES = YES;
				CLANG_ENABLE_OBJC_ARC = YES;
				CLANG_WARN_BOOL_CONVERSION = YES;
				CLANG_WARN_CONSTANT_CONVERSION = YES;
				CLANG_WARN_DIRECT_OBJC_ISA_USAGE = YES_ERROR;
				CLANG_WARN_DOCUMENTATION_COMMENTS = YES;
				CLANG_WARN_EMPTY_BODY = YES;
				CLANG_WARN_ENUM_CONVERSION = YES;
				CLANG_WARN_INFINITE_RECURSION = YES;
				CLANG_WARN_INT_CONVERSION = YES;
				CLANG_WARN_OBJC_ROOT_CLASS = YES_ERROR;
				CLANG_WARN_SUSPICIOUS_MOVE = YES;
				CLANG_WARN_UNREACHABLE_CODE = YES;
				CLANG_WARN__DUPLICATE_METHOD_MATCH = YES;
				"CODE_SIGN_IDENTITY[sdk=iphoneos*]" = "iPhone Developer";
				COPY_PHASE_STRIP = NO;
				DEBUG_INFORMATION_FORMAT = dwarf;
				ENABLE_STRICT_OBJC_MSGSEND = YES;
				ENABLE_TESTABILITY = YES;
				GCC_C_LANGUAGE_STANDARD = gnu99;
				GCC_DYNAMIC_NO_PIC = NO;
				GCC_NO_COMMON_BLOCKS = YES;
				GCC_OPTIMIZATION_LEVEL = 0;
				GCC_PREPROCESSOR_DEFINITIONS = (
					"DEBUG=1",
					"$(inherited)",
				);
				GCC_WARN_64_TO_32_BIT_CONVERSION = YES;
				GCC_WARN_ABOUT_RETURN_TYPE = YES_ERROR;
				GCC_WARN_UNDECLARED_SELECTOR = YES;
				GCC_WARN_UNINITIALIZED_AUTOS = YES_AGGRESSIVE;
				GCC_WARN_UNUSED_FUNCTION = YES;
				GCC_WARN_UNUSED_VARIABLE = YES;
				IPHONEOS_DEPLOYMENT_TARGET = 10.3;
				MTL_ENABLE_DEBUG_INFO = YES;
				ONLY_ACTIVE_ARCH = YES;
				SDKROOT = iphoneos;
				TARGETED_DEVICE_FAMILY = "1,2";
			};
			name = Debug;
		};
		52C091931F05E03D0062F5A9 /* Release */ = {
			isa = XCBuildConfiguration;
			buildSettings = {
				ALWAYS_SEARCH_USER_PATHS = NO;
				CLANG_ANALYZER_NONNULL = YES;
				CLANG_ANALYZER_NUMBER_OBJECT_CONVERSION = YES_AGGRESSIVE;
				CLANG_CXX_LANGUAGE_STANDARD = "gnu++0x";
				CLANG_CXX_LIBRARY = "libc++";
				CLANG_ENABLE_MODULES = YES;
				CLANG_ENABLE_OBJC_ARC = YES;
				CLANG_WARN_BOOL_CONVERSION = YES;
				CLANG_WARN_CONSTANT_CONVERSION = YES;
				CLANG_WARN_DIRECT_OBJC_ISA_USAGE = YES_ERROR;
				CLANG_WARN_DOCUMENTATION_COMMENTS = YES;
				CLANG_WARN_EMPTY_BODY = YES;
				CLANG_WARN_ENUM_CONVERSION = YES;
				CLANG_WARN_INFINITE_RECURSION = YES;
				CLANG_WARN_INT_CONVERSION = YES;
				CLANG_WARN_OBJC_ROOT_CLASS = YES_ERROR;
				CLANG_WARN_SUSPICIOUS_MOVE = YES;
				CLANG_WARN_UNREACHABLE_CODE = YES;
				CLANG_WARN__DUPLICATE_METHOD_MATCH = YES;
				"CODE_SIGN_IDENTITY[sdk=iphoneos*]" = "iPhone Developer";
				COPY_PHASE_STRIP = NO;
				DEBUG_INFORMATION_FORMAT = "dwarf-with-dsym";
				ENABLE_NS_ASSERTIONS = NO;
				ENABLE_STRICT_OBJC_MSGSEND = YES;
				GCC_C_LANGUAGE_STANDARD = gnu99;
				GCC_NO_COMMON_BLOCKS = YES;
				GCC_WARN_64_TO_32_BIT_CONVERSION = YES;
				GCC_WARN_ABOUT_RETURN_TYPE = YES_ERROR;
				GCC_WARN_UNDECLARED_SELECTOR = YES;
				GCC_WARN_UNINITIALIZED_AUTOS = YES_AGGRESSIVE;
				GCC_WARN_UNUSED_FUNCTION = YES;
				GCC_WARN_UNUSED_VARIABLE = YES;
				IPHONEOS_DEPLOYMENT_TARGET = 10.3;
				MTL_ENABLE_DEBUG_INFO = NO;
				SDKROOT = iphoneos;
				TARGETED_DEVICE_FAMILY = "1,2";
				VALIDATE_PRODUCT = YES;
			};
			name = Release;
		};
		52C091951F05E03D0062F5A9 /* Debug */ = {
			isa = XCBuildConfiguration;
			buildSettings = {
				ASSETCATALOG_COMPILER_APPICON_NAME = AppIcon;
				INFOPLIST_FILE = Fonzie/Info.plist;
				LD_RUNPATH_SEARCH_PATHS = "$(inherited) @executable_path/Frameworks";
				PRODUCT_BUNDLE_IDENTIFIER = com.exeloncorp.Fonzie;
				PRODUCT_NAME = "$(TARGET_NAME)";
			};
			name = Debug;
		};
		52C091961F05E03D0062F5A9 /* Release */ = {
			isa = XCBuildConfiguration;
			buildSettings = {
				ASSETCATALOG_COMPILER_APPICON_NAME = AppIcon;
				INFOPLIST_FILE = Fonzie/Info.plist;
				LD_RUNPATH_SEARCH_PATHS = "$(inherited) @executable_path/Frameworks";
				PRODUCT_BUNDLE_IDENTIFIER = com.exeloncorp.Fonzie;
				PRODUCT_NAME = "$(TARGET_NAME)";
			};
			name = Release;
		};
/* End XCBuildConfiguration section */

/* Begin XCConfigurationList section */
		52C091751F05E03D0062F5A9 /* Build configuration list for PBXProject "Fonzie" */ = {
			isa = XCConfigurationList;
			buildConfigurations = (
				52C091921F05E03D0062F5A9 /* Debug */,
				52C091931F05E03D0062F5A9 /* Release */,
			);
			defaultConfigurationIsVisible = 0;
			defaultConfigurationName = Release;
		};
		52C091941F05E03D0062F5A9 /* Build configuration list for PBXNativeTarget "Fonzie" */ = {
			isa = XCConfigurationList;
			buildConfigurations = (
				52C091951F05E03D0062F5A9 /* Debug */,
				52C091961F05E03D0062F5A9 /* Release */,
			);
			defaultConfigurationIsVisible = 0;
		};
/* End XCConfigurationList section */
	};
	rootObject = 52C091721F05E03D0062F5A9 /* Project object */;
}
